
Microsoft Visual Studio Solution File, Format Version 12.00
# Visual Studio Version 17
VisualStudioVersion = 17.11.35312.102
MinimumVisualStudioVersion = 10.0.40219.1
Project("{FAE04EC0-301F-11D3-BF4B-00C04F79EFBC}") = "Library book management", "Library book management\Library book management.csproj", "{2B77EA02-27D1-4A20-B985-C31B34D63A4F}"
EndProject
Global
	GlobalSection(SolutionConfigurationPlatforms) = preSolution
		Debug|Any CPU = Debug|Any CPU
		Release|Any CPU = Release|Any CPU
	EndGlobalSection
	GlobalSection(ProjectConfigurationPlatforms) = postSolution
		{2B77EA02-27D1-4A20-B985-C31B34D63A4F}.Debug|Any CPU.ActiveCfg = Debug|Any CPU
		{2B77EA02-27D1-4A20-B985-C31B34D63A4F}.Debug|Any CPU.Build.0 = Debug|Any CPU
		{2B77EA02-27D1-4A20-B985-C31B34D63A4F}.Release|Any CPU.ActiveCfg = Release|Any CPU
		{2B77EA02-27D1-4A20-B985-C31B34D63A4F}.Release|Any CPU.Build.0 = Release|Any CPU
	EndGlobalSection
	GlobalSection(SolutionProperties) = preSolution
		HideSolutionNode = FALSE
	EndGlobalSection
	GlobalSection(ExtensibilityGlobals) = postSolution
		SolutionGuid = {15584E39-F626-40E3-9C5D-BCA6B8E77069}
	EndGlobalSection
EndGlobal
